
Microsoft Visual Studio Solution File, Format Version 12.00
# Visual Studio Version 16
VisualStudioVersion = 16.0.32901.82
MinimumVisualStudioVersion = 10.0.40219.1
Project("{FAE04EC0-301F-11D3-BF4B-00C04F79EFBC}") = "u21430854_HW06", "u21430854_HW06\u21430854_HW06.csproj", "{1DEDF6DE-4624-4749-9DB4-FB55D9242284}"
EndProject
Global
	GlobalSection(SolutionConfigurationPlatforms) = preSolution
		Debug|Any CPU = Debug|Any CPU
		Release|Any CPU = Release|Any CPU
	EndGlobalSection
	GlobalSection(ProjectConfigurationPlatforms) = postSolution
		{1DEDF6DE-4624-4749-9DB4-FB55D9242284}.Debug|Any CPU.ActiveCfg = Debug|Any CPU
		{1DEDF6DE-4624-4749-9DB4-FB55D9242284}.Debug|Any CPU.Build.0 = Debug|Any CPU
		{1DEDF6DE-4624-4749-9DB4-FB55D9242284}.Release|Any CPU.ActiveCfg = Release|Any CPU
		{1DEDF6DE-4624-4749-9DB4-FB55D9242284}.Release|Any CPU.Build.0 = Release|Any CPU
	EndGlobalSection
	GlobalSection(SolutionProperties) = preSolution
		HideSolutionNode = FALSE
	EndGlobalSection
	GlobalSection(ExtensibilityGlobals) = postSolution
		SolutionGuid = {A83304C9-1CA4-45B5-8E2F-CE0E41DE2676}
	EndGlobalSection
EndGlobal
